<Solution>
  <Folder Name="/Build/">
    <File Path=".gitignore" />
    <File Path="efcore.targets" />
    <File Path="RossWright.Metal.targets" />
    <File Path="RossWright.Metal.Tests.targets" />
  </Folder>
  <Folder Name="/Docs/">
    <File Path="CHANGELOG.txt" />
    <File Path="Docs/ai-discoverability.md" />
    <File Path="LICENSE.md" />
    <File Path="llms.txt" />
    <File Path="README.md" />
  </Folder>
  <Folder Name="/Docs/api-index/">
    <File Path="Docs/api-index/README.md" />
    <File Path="Docs/api-index/metalchain-api.md" />
    <File Path="Docs/api-index/metalcommand-api.md" />
    <File Path="Docs/api-index/metalcore-api.md" />
    <File Path="Docs/api-index/metalguardian-api.md" />
    <File Path="Docs/api-index/metalinjection-api.md" />
    <File Path="Docs/api-index/metalnexus-api.md" />
  </Folder>
  <Folder Name="/Docs/recipes/">
    <File Path="Docs/recipes/README.md" />
    <File Path="Docs/recipes/metalchain-mediator-dispatch.md" />
    <File Path="Docs/recipes/metalchain-requests-handlers.md" />
    <File Path="Docs/recipes/metalcommand-console-app.md" />
    <File Path="Docs/recipes/metalcommand-database-tooling.md" />
    <File Path="Docs/recipes/metalcore-blazor-browser-helpers.md" />
    <File Path="Docs/recipes/metalcore-shared-utilities.md" />
    <File Path="Docs/recipes/metalguardian-blazor-authentication.md" />
    <File Path="Docs/recipes/metalguardian-server-authentication.md" />
    <File Path="Docs/recipes/metalinjection-aspnetcore.md" />
    <File Path="Docs/recipes/metalinjection-blazor.md" />
    <File Path="Docs/recipes/metalnexus-blazor-server.md" />
    <File Path="Docs/recipes/metalnexus-file-upload.md" />
  </Folder>
  <Folder Name="/MetalChain/">
    <File Path="MetalChain/AI-USAGE.md" />
    <File Path="MetalChain/CHANGELOG.txt" />
    <File Path="MetalChain/Readme.md" />
    <File Path="MetalChain/RossWright.MetalChain.targets" />
    <Project Path="MetalChain/RossWright.MetalChain.Abstractions/RossWright.MetalChain.Abstractions.csproj" />
    <Project Path="MetalChain/RossWright.MetalChain.Tests/RossWright.MetalChain.Tests.csproj" />
    <Project Path="MetalChain/RossWright.MetalChain/RossWright.MetalChain.csproj" />
  </Folder>
  <Folder Name="/MetalCommand/">
    <File Path="MetalCommand/AI-USAGE.md" />
    <File Path="MetalCommand/CHANGELOG.txt" />
    <File Path="MetalCommand/Readme.md" />
    <File Path="MetalCommand/RossWright.MetalCommand.targets" />
    <Project Path="MetalCommand/RossWright.MetalCommand.Abstractions/RossWright.MetalCommand.Abstractions.csproj" />
    <Project Path="MetalCommand/RossWright.MetalCommand.Data.MySql/RossWright.MetalCommand.Data.MySql.csproj" />
    <Project Path="MetalCommand/RossWright.MetalCommand.Data.SqlServer/RossWright.MetalCommand.Data.SqlServer.csproj" />
    <Project Path="MetalCommand/RossWright.MetalCommand.Data/RossWright.MetalCommand.Data.csproj" />
    <Project Path="MetalCommand/RossWright.MetalCommand.Http/RossWright.MetalCommand.Http.csproj" />
    <Project Path="MetalCommand/RossWright.MetalCommand/RossWright.MetalCommand.csproj" />
  </Folder>
  <Folder Name="/MetalCommand/Tests/">
    <Project Path="MetalCommand/RossWright.MetalCommand.Data.Tests/RossWright.MetalCommand.Data.Tests.csproj" />
    <Project Path="MetalCommand/RossWright.MetalCommand.Http.Testbed.Server/RossWright.MetalCommand.Http.Testbed.Server.csproj" />
    <Project Path="MetalCommand/RossWright.MetalCommand.Http.Tests/RossWright.MetalCommand.Http.Tests.csproj" />
    <Project Path="MetalCommand/RossWright.MetalCommand.Tesbed/RossWright.MetalCommand.Tesbed.csproj" />
    <Project Path="MetalCommand/RossWright.MetalCommand.Tests/RossWright.MetalCommand.Tests.csproj" />
  </Folder>
  <Folder Name="/MetalCore/">
    <File Path="MetalCore/AI-USAGE.md" />
    <File Path="MetalCore/CHANGELOG.txt" />
    <File Path="MetalCore/RossWright.MetalCore.targets" />
    <Project Path="MetalCore/RossWright.MetalCore.Blazor/RossWright.MetalCore.Blazor.csproj" />
    <Project Path="MetalCore/RossWright.MetalCore.Data/RossWright.MetalCore.Data.csproj" />
    <Project Path="MetalCore/RossWright.MetalCore.Populi/RossWright.MetalCore.Populi.csproj" />
    <Project Path="MetalCore/RossWright.MetalCore.Server/RossWright.MetalCore.Server.csproj" />
    <Project Path="MetalCore/RossWright.MetalCore/RossWright.MetalCore.csproj" />
  </Folder>
  <Folder Name="/MetalCore/Tests/">
    <Project Path="MetalCore/RossWright.MetalCore.Blazor.Testbed/RossWright.MetalCore.Blazor.Testbed.csproj" />
    <Project Path="MetalCore/RossWright.MetalCore.Blazor.Tests/RossWright.MetalCore.Blazor.Tests.csproj" />
    <Project Path="MetalCore/RossWright.MetalCore.Data.Tests/RossWright.MetalCore.Data.Tests.csproj" />
    <Project Path="MetalCore/RossWright.MetalCore.Server.Tests/RossWright.MetalCore.Server.Tests.csproj" />
    <Project Path="MetalCore/RossWright.MetalCore.Testing/RossWright.MetalCore.Testing.csproj" />
    <Project Path="MetalCore/RossWright.MetalCore.Tests/RossWright.MetalCore.Tests.csproj" />
  </Folder>
  <Folder Name="/MetalGuardian/">
    <File Path="MetalGuardian/AI-USAGE.md" />
    <File Path="MetalGuardian/CHANGELOG.txt" />
    <File Path="MetalGuardian/Readme.md" />
    <File Path="MetalGuardian/RossWright.MetalGuardian.targets" />
    <Project Path="MetalGuardian/RossWright.MetalGuardian.Abstractions/RossWright.MetalGuardian.Abstractions.csproj" />
    <Project Path="MetalGuardian/RossWright.MetalGuardian.Blazor/RossWright.MetalGuardian.Blazor.csproj" />
    <Project Path="MetalGuardian/RossWright.MetalGuardian.MFA.TOTP/RossWright.MetalGuardian.MFA.TOTP.csproj" />
    <Project Path="MetalGuardian/RossWright.MetalGuardian.Server.MFA.TOTP/RossWright.MetalGuardian.Server.MFA.TOTP.csproj" />
    <Project Path="MetalGuardian/RossWright.MetalGuardian.Server/RossWright.MetalGuardian.Server.csproj" />
    <Project Path="MetalGuardian/RossWright.MetalGuardian/RossWright.MetalGuardian.csproj" />
  </Folder>
  <Folder Name="/MetalGuardian/Tests/">
    <Project Path="MetalGuardian/RossWright.MetalGuardian.Blazor.Tests/RossWright.MetalGuardian.Blazor.Tests.csproj" />
    <Project Path="MetalGuardian/RossWright.MetalGuardian.MFA.TOTP.Tests/RossWright.MetalGuardian.MFA.TOTP.Tests.csproj" />
    <Project Path="MetalGuardian/RossWright.MetalGuardian.Server.Tests/RossWright.MetalGuardian.Server.Tests.csproj" />
    <Project Path="MetalGuardian/RossWright.MetalGuardian.Tests/RossWright.MetalGuardian.Tests.csproj" />
  </Folder>
  <Folder Name="/MetalInjection/">
    <File Path="MetalInjection/AI-USAGE.md" />
    <File Path="MetalInjection/CHANGELOG.txt" />
    <File Path="MetalInjection/Readme.md" />
    <File Path="MetalInjection/RossWright.MetalInjection.targets" />
    <Project Path="MetalInjection/RossWright.MetalInjection.Abstractions/RossWright.MetalInjection.Abstractions.csproj" />
    <Project Path="MetalInjection/RossWright.MetalInjection.Blazor/RossWright.MetalInjection.Blazor.csproj" />
    <Project Path="MetalInjection/RossWright.MetalInjection.Server/RossWright.MetalInjection.Server.csproj" />
    <Project Path="MetalInjection/RossWright.MetalInjection/RossWright.MetalInjection.csproj" />
  </Folder>
  <Folder Name="/MetalInjection/Tests/">
    <Project Path="MetalInjection/RossWright.MetalInjection.Abstractions.Tests/RossWright.MetalInjection.Abstractions.Tests.csproj" />
    <Project Path="MetalInjection/RossWright.MetalInjection.Blazor.Tests/RossWright.MetalInjection.Blazor.Tests.csproj" />
    <Project Path="MetalInjection/RossWright.MetalInjection.Server.Tests/RossWright.MetalInjection.Server.Tests.csproj" />
    <Project Path="MetalInjection/RossWright.MetalInjection.Tests/RossWright.MetalInjection.Tests.csproj" />
  </Folder>
  <Folder Name="/MetalNexus/">
    <File Path="MetalNexus/AI-USAGE.md" />
    <File Path="MetalNexus/CHANGELOG.txt" />
    <File Path="MetalNexus/Readme.md" />
    <File Path="MetalNexus/RossWright.MetalNexus.targets" />
    <Project Path="MetalNexus/RossWright.MetalNexus.Abstractions/RossWright.MetalNexus.Abstractions.csproj" />
    <Project Path="MetalNexus/RossWright.MetalNexus.Blazor/RossWright.MetalNexus.Blazor.csproj" />
    <Project Path="MetalNexus/RossWright.MetalNexus.Integration.Tests/RossWright.MetalNexus.Integration.Tests.csproj" />
    <Project Path="MetalNexus/RossWright.MetalNexus.Server/RossWright.MetalNexus.Server.csproj" />
    <Project Path="MetalNexus/RossWright.MetalNexus/RossWright.MetalNexus.csproj" />
  </Folder>
  <Folder Name="/MetalNexus/Testbed/">
    <Project Path="MetalNexus/RossWright.MetalNexus.Testbed.Blazor/RossWright.MetalNexus.Testbed.Blazor.csproj" />
    <Project Path="MetalNexus/RossWright.MetalNexus.Testbed.Console/RossWright.MetalNexus.Testbed.Console.csproj" />
    <Project Path="MetalNexus/RossWright.MetalNexus.Testbed.Server/RossWright.MetalNexus.Testbed.Server.csproj" />
    <Project Path="MetalNexus/RossWright.MetalNexus.Testbed.Shared/RossWright.MetalNexus.Testbed.Shared.csproj" />
  </Folder>
  <Folder Name="/MetalNexus/Tests/">
    <Project Path="MetalNexus/RossWright.MetalNexus.Abstractions.Tests/RossWright.MetalNexus.Abstractions.Tests.csproj" />
    <Project Path="MetalNexus/RossWright.MetalNexus.Blazor.Tests/RossWright.MetalNexus.Blazor.Tests.csproj" />
    <Project Path="MetalNexus/RossWright.MetalNexus.Server.Tests/RossWright.MetalNexus.Server.Tests.csproj" />
    <Project Path="MetalNexus/RossWright.MetalNexus.Tests/RossWright.MetalNexus.Tests.csproj" />
  </Folder>
</Solution>
